
Microsoft Visual Studio Solution File, Format Version 12.00
# Visual Studio Version 16
VisualStudioVersion = 16.0.30907.101
MinimumVisualStudioVersion = 10.0.40219.1
Project("{FAE04EC0-301F-11D3-BF4B-00C04F79EFBC}") = "IntegrationPatterns.RequestReply", "IntegrationPatterns.RequestReply\IntegrationPatterns.RequestReply.csproj", "{BCA770BA-4B1E-4DB6-A9E4-A6576A1B5B6F}"
EndProject
Project("{FAE04EC0-301F-11D3-BF4B-00C04F79EFBC}") = "IntegrationPatterns.Router", "IntegrationPatterns.Router\IntegrationPatterns.Router.csproj", "{0D930540-32F7-4BD6-9017-A2E3D6BCC595}"
EndProject
Project("{FAE04EC0-301F-11D3-BF4B-00C04F79EFBC}") = "IntegrationPatterns.Common", "IntegrationPatterns.Common\IntegrationPatterns.Common.csproj", "{A587E621-179E-4D7D-A00D-36EB7F47C644}"
EndProject
Project("{FAE04EC0-301F-11D3-BF4B-00C04F79EFBC}") = "IntegrationPatterns.PublishSubscriber", "IntegrationPatterns.PublishSubscriber\IntegrationPatterns.PublishSubscriber.csproj", "{7E572C53-FBE7-47F8-887A-71CE4D543C7D}"
EndProject
Project("{FAE04EC0-301F-11D3-BF4B-00C04F79EFBC}") = "IntegrationPatterns.Splitter", "IntegrationPatterns.Splitter\IntegrationPatterns.Splitter.csproj", "{15C87EA3-B5D6-4FE8-B0E9-8B9CD6AE8976}"
EndProject
Project("{FAE04EC0-301F-11D3-BF4B-00C04F79EFBC}") = "IntegrationPatterns.Resequencer", "IntegrationPatterns.Resequencer\IntegrationPatterns.Resequencer.csproj", "{FE3AC0A8-120D-48EA-B868-C741E1DF4A26}"
EndProject
Project("{FAE04EC0-301F-11D3-BF4B-00C04F79EFBC}") = "IntegrationPatterns.Aggregator", "IntegrationPatterns.Aggregator\IntegrationPatterns.Aggregator.csproj", "{B48F4A64-E188-414E-A612-E71C11AFDB07}"
EndProject
Project("{FAE04EC0-301F-11D3-BF4B-00C04F79EFBC}") = "IntegrationPatterns.Canonical.Translator", "IntegrationPatterns.Canonical.Translator\IntegrationPatterns.Canonical.Translator.csproj", "{104EA1E6-2DB7-4B65-9603-928B04681893}"
EndProject
Project("{FAE04EC0-301F-11D3-BF4B-00C04F79EFBC}") = "IntegrationPatterns.Canonical.MetaDataRepository", "IntegrationPatterns.Canonical.MetaDataRepository\IntegrationPatterns.Canonical.MetaDataRepository.csproj", "{9BA831B4-CF6B-4389-8105-644DE13EDD64}"
EndProject
Project("{FAE04EC0-301F-11D3-BF4B-00C04F79EFBC}") = "IntegrationPatterns.DynamicRouter", "IntegrationPatterns.DynamicRouter\IntegrationPatterns.DynamicRouter.csproj", "{3D966EFC-8583-4BA7-8DA3-FF397AF78D70}"
EndProject
Project("{FAE04EC0-301F-11D3-BF4B-00C04F79EFBC}") = "IntegrationPatterns.Transaction", "IntegrationPatterns.Transaction\IntegrationPatterns.Transaction.csproj", "{5D3BF30F-9BE8-4F7D-96BF-D44DE8419D56}"
EndProject
Global
	GlobalSection(SolutionConfigurationPlatforms) = preSolution
		Debug|Any CPU = Debug|Any CPU
		Release|Any CPU = Release|Any CPU
	EndGlobalSection
	GlobalSection(ProjectConfigurationPlatforms) = postSolution
		{BCA770BA-4B1E-4DB6-A9E4-A6576A1B5B6F}.Debug|Any CPU.ActiveCfg = Debug|Any CPU
		{BCA770BA-4B1E-4DB6-A9E4-A6576A1B5B6F}.Debug|Any CPU.Build.0 = Debug|Any CPU
		{BCA770BA-4B1E-4DB6-A9E4-A6576A1B5B6F}.Release|Any CPU.ActiveCfg = Release|Any CPU
		{BCA770BA-4B1E-4DB6-A9E4-A6576A1B5B6F}.Release|Any CPU.Build.0 = Release|Any CPU
		{0D930540-32F7-4BD6-9017-A2E3D6BCC595}.Debug|Any CPU.ActiveCfg = Debug|Any CPU
		{0D930540-32F7-4BD6-9017-A2E3D6BCC595}.Debug|Any CPU.Build.0 = Debug|Any CPU
		{0D930540-32F7-4BD6-9017-A2E3D6BCC595}.Release|Any CPU.ActiveCfg = Release|Any CPU
		{0D930540-32F7-4BD6-9017-A2E3D6BCC595}.Release|Any CPU.Build.0 = Release|Any CPU
		{A587E621-179E-4D7D-A00D-36EB7F47C644}.Debug|Any CPU.ActiveCfg = Debug|Any CPU
		{A587E621-179E-4D7D-A00D-36EB7F47C644}.Debug|Any CPU.Build.0 = Debug|Any CPU
		{A587E621-179E-4D7D-A00D-36EB7F47C644}.Release|Any CPU.ActiveCfg = Release|Any CPU
		{A587E621-179E-4D7D-A00D-36EB7F47C644}.Release|Any CPU.Build.0 = Release|Any CPU
		{7E572C53-FBE7-47F8-887A-71CE4D543C7D}.Debug|Any CPU.ActiveCfg = Debug|Any CPU
		{7E572C53-FBE7-47F8-887A-71CE4D543C7D}.Debug|Any CPU.Build.0 = Debug|Any CPU
		{7E572C53-FBE7-47F8-887A-71CE4D543C7D}.Release|Any CPU.ActiveCfg = Release|Any CPU
		{7E572C53-FBE7-47F8-887A-71CE4D543C7D}.Release|Any CPU.Build.0 = Release|Any CPU
		{15C87EA3-B5D6-4FE8-B0E9-8B9CD6AE8976}.Debug|Any CPU.ActiveCfg = Debug|Any CPU
		{15C87EA3-B5D6-4FE8-B0E9-8B9CD6AE8976}.Debug|Any CPU.Build.0 = Debug|Any CPU
		{15C87EA3-B5D6-4FE8-B0E9-8B9CD6AE8976}.Release|Any CPU.ActiveCfg = Release|Any CPU
		{15C87EA3-B5D6-4FE8-B0E9-8B9CD6AE8976}.Release|Any CPU.Build.0 = Release|Any CPU
		{FE3AC0A8-120D-48EA-B868-C741E1DF4A26}.Debug|Any CPU.ActiveCfg = Debug|Any CPU
		{FE3AC0A8-120D-48EA-B868-C741E1DF4A26}.Debug|Any CPU.Build.0 = Debug|Any CPU
		{FE3AC0A8-120D-48EA-B868-C741E1DF4A26}.Release|Any CPU.ActiveCfg = Release|Any CPU
		{FE3AC0A8-120D-48EA-B868-C741E1DF4A26}.Release|Any CPU.Build.0 = Release|Any CPU
		{B48F4A64-E188-414E-A612-E71C11AFDB07}.Debug|Any CPU.ActiveCfg = Debug|Any CPU
		{B48F4A64-E188-414E-A612-E71C11AFDB07}.Debug|Any CPU.Build.0 = Debug|Any CPU
		{B48F4A64-E188-414E-A612-E71C11AFDB07}.Release|Any CPU.ActiveCfg = Release|Any CPU
		{B48F4A64-E188-414E-A612-E71C11AFDB07}.Release|Any CPU.Build.0 = Release|Any CPU
		{104EA1E6-2DB7-4B65-9603-928B04681893}.Debug|Any CPU.ActiveCfg = Debug|Any CPU
		{104EA1E6-2DB7-4B65-9603-928B04681893}.Debug|Any CPU.Build.0 = Debug|Any CPU
		{104EA1E6-2DB7-4B65-9603-928B04681893}.Release|Any CPU.ActiveCfg = Release|Any CPU
		{104EA1E6-2DB7-4B65-9603-928B04681893}.Release|Any CPU.Build.0 = Release|Any CPU
		{9BA831B4-CF6B-4389-8105-644DE13EDD64}.Debug|Any CPU.ActiveCfg = Debug|Any CPU
		{9BA831B4-CF6B-4389-8105-644DE13EDD64}.Debug|Any CPU.Build.0 = Debug|Any CPU
		{9BA831B4-CF6B-4389-8105-644DE13EDD64}.Release|Any CPU.ActiveCfg = Release|Any CPU
		{9BA831B4-CF6B-4389-8105-644DE13EDD64}.Release|Any CPU.Build.0 = Release|Any CPU
		{3D966EFC-8583-4BA7-8DA3-FF397AF78D70}.Debug|Any CPU.ActiveCfg = Debug|Any CPU
		{3D966EFC-8583-4BA7-8DA3-FF397AF78D70}.Debug|Any CPU.Build.0 = Debug|Any CPU
		{3D966EFC-8583-4BA7-8DA3-FF397AF78D70}.Release|Any CPU.ActiveCfg = Release|Any CPU
		{3D966EFC-8583-4BA7-8DA3-FF397AF78D70}.Release|Any CPU.Build.0 = Release|Any CPU
		{5D3BF30F-9BE8-4F7D-96BF-D44DE8419D56}.Debug|Any CPU.ActiveCfg = Debug|Any CPU
		{5D3BF30F-9BE8-4F7D-96BF-D44DE8419D56}.Debug|Any CPU.Build.0 = Debug|Any CPU
		{5D3BF30F-9BE8-4F7D-96BF-D44DE8419D56}.Release|Any CPU.ActiveCfg = Release|Any CPU
		{5D3BF30F-9BE8-4F7D-96BF-D44DE8419D56}.Release|Any CPU.Build.0 = Release|Any CPU
	EndGlobalSection
	GlobalSection(SolutionProperties) = preSolution
		HideSolutionNode = FALSE
	EndGlobalSection
	GlobalSection(ExtensibilityGlobals) = postSolution
		SolutionGuid = {72C5A2B1-7582-4D99-A2AB-8FEAB1E87BF4}
	EndGlobalSection
EndGlobal
